
Microsoft Visual Studio Solution File, Format Version 12.00
# Visual Studio Version 17
VisualStudioVersion = 17.13.35825.156 d17.13
MinimumVisualStudioVersion = 10.0.40219.1
Project("{FAE04EC0-301F-11D3-BF4B-00C04F79EFBC}") = "form1.cs", "form1.cs\form1.cs.csproj", "{3B6BEE5D-A224-4884-A6D9-AB434D0A4399}"
EndProject
Global
	GlobalSection(SolutionConfigurationPlatforms) = preSolution
		Debug|Any CPU = Debug|Any CPU
		Release|Any CPU = Release|Any CPU
	EndGlobalSection
	GlobalSection(ProjectConfigurationPlatforms) = postSolution
		{3B6BEE5D-A224-4884-A6D9-AB434D0A4399}.Debug|Any CPU.ActiveCfg = Debug|Any CPU
		{3B6BEE5D-A224-4884-A6D9-AB434D0A4399}.Debug|Any CPU.Build.0 = Debug|Any CPU
		{3B6BEE5D-A224-4884-A6D9-AB434D0A4399}.Release|Any CPU.ActiveCfg = Release|Any CPU
		{3B6BEE5D-A224-4884-A6D9-AB434D0A4399}.Release|Any CPU.Build.0 = Release|Any CPU
	EndGlobalSection
	GlobalSection(SolutionProperties) = preSolution
		HideSolutionNode = FALSE
	EndGlobalSection
	GlobalSection(ExtensibilityGlobals) = postSolution
		SolutionGuid = {FC9C3066-1C30-4E6A-8AB9-AB301C998C73}
	EndGlobalSection
EndGlobal
